
Microsoft Visual Studio Solution File, Format Version 12.00
# Visual Studio Version 16
VisualStudioVersion = 16.0.30517.126
MinimumVisualStudioVersion = 10.0.40219.1
Project("{FAE04EC0-301F-11D3-BF4B-00C04F79EFBC}") = "Harry_Potter_2", "Harry_Potter_2\Harry_Potter_2.csproj", "{E1D3EFA0-CFF6-4549-86DD-8A3ADD73D82C}"
EndProject
Global
	GlobalSection(SolutionConfigurationPlatforms) = preSolution
		Debug|Any CPU = Debug|Any CPU
		Release|Any CPU = Release|Any CPU
	EndGlobalSection
	GlobalSection(ProjectConfigurationPlatforms) = postSolution
		{E1D3EFA0-CFF6-4549-86DD-8A3ADD73D82C}.Debug|Any CPU.ActiveCfg = Debug|Any CPU
		{E1D3EFA0-CFF6-4549-86DD-8A3ADD73D82C}.Debug|Any CPU.Build.0 = Debug|Any CPU
		{E1D3EFA0-CFF6-4549-86DD-8A3ADD73D82C}.Release|Any CPU.ActiveCfg = Release|Any CPU
		{E1D3EFA0-CFF6-4549-86DD-8A3ADD73D82C}.Release|Any CPU.Build.0 = Release|Any CPU
	EndGlobalSection
	GlobalSection(SolutionProperties) = preSolution
		HideSolutionNode = FALSE
	EndGlobalSection
	GlobalSection(ExtensibilityGlobals) = postSolution
		SolutionGuid = {4459386C-DCA7-4736-A9E5-55CEC0F22C44}
	EndGlobalSection
EndGlobal
